
Microsoft Visual Studio Solution File, Format Version 12.00
# Visual Studio Version 17
VisualStudioVersion = 17.14.36414.22
MinimumVisualStudioVersion = 10.0.40219.1
Project("{FAE04EC0-301F-11D3-BF4B-00C04F79EFBC}") = "SharedKernel", "SharedKernel\SharedKernel.csproj", "{0A7619C4-7DF3-4A8D-B089-FA09B754BF90}"
EndProject
Project("{FAE04EC0-301F-11D3-BF4B-00C04F79EFBC}") = "Renombrado.API", "Renombrado.API\Renombrado.API.csproj", "{C60368CF-3BC1-475C-86B2-74071C0A108F}"
EndProject
Project("{FAE04EC0-301F-11D3-BF4B-00C04F79EFBC}") = "Renombrado", "Renombrado\Renombrado.csproj", "{9A8BFC52-DC05-4C83-8A29-936D1F6DA153}"
EndProject
Project("{E53339B2-1760-4266-BCC7-CA923CBCF16C}") = "docker-compose", "docker-compose.dcproj", "{81DDED9D-158B-E303-5F62-77A2896D2A5A}"
EndProject
Project("{FAE04EC0-301F-11D3-BF4B-00C04F79EFBC}") = "Renombrado.Migrations", "Renombrado.Migrations\Renombrado.Migrations.csproj", "{A9A24E8F-8A16-4316-AF7A-A4157ED495F2}"
EndProject
Global
	GlobalSection(SolutionConfigurationPlatforms) = preSolution
		Debug|Any CPU = Debug|Any CPU
		Release|Any CPU = Release|Any CPU
	EndGlobalSection
	GlobalSection(ProjectConfigurationPlatforms) = postSolution
		{0A7619C4-7DF3-4A8D-B089-FA09B754BF90}.Debug|Any CPU.ActiveCfg = Debug|Any CPU
		{0A7619C4-7DF3-4A8D-B089-FA09B754BF90}.Debug|Any CPU.Build.0 = Debug|Any CPU
		{0A7619C4-7DF3-4A8D-B089-FA09B754BF90}.Release|Any CPU.ActiveCfg = Release|Any CPU
		{0A7619C4-7DF3-4A8D-B089-FA09B754BF90}.Release|Any CPU.Build.0 = Release|Any CPU
		{C60368CF-3BC1-475C-86B2-74071C0A108F}.Debug|Any CPU.ActiveCfg = Debug|Any CPU
		{C60368CF-3BC1-475C-86B2-74071C0A108F}.Debug|Any CPU.Build.0 = Debug|Any CPU
		{C60368CF-3BC1-475C-86B2-74071C0A108F}.Release|Any CPU.ActiveCfg = Release|Any CPU
		{C60368CF-3BC1-475C-86B2-74071C0A108F}.Release|Any CPU.Build.0 = Release|Any CPU
		{9A8BFC52-DC05-4C83-8A29-936D1F6DA153}.Debug|Any CPU.ActiveCfg = Debug|Any CPU
		{9A8BFC52-DC05-4C83-8A29-936D1F6DA153}.Debug|Any CPU.Build.0 = Debug|Any CPU
		{9A8BFC52-DC05-4C83-8A29-936D1F6DA153}.Release|Any CPU.ActiveCfg = Release|Any CPU
		{9A8BFC52-DC05-4C83-8A29-936D1F6DA153}.Release|Any CPU.Build.0 = Release|Any CPU
		{81DDED9D-158B-E303-5F62-77A2896D2A5A}.Debug|Any CPU.ActiveCfg = Debug|Any CPU
		{81DDED9D-158B-E303-5F62-77A2896D2A5A}.Debug|Any CPU.Build.0 = Debug|Any CPU
		{81DDED9D-158B-E303-5F62-77A2896D2A5A}.Release|Any CPU.ActiveCfg = Release|Any CPU
		{81DDED9D-158B-E303-5F62-77A2896D2A5A}.Release|Any CPU.Build.0 = Release|Any CPU
		{A9A24E8F-8A16-4316-AF7A-A4157ED495F2}.Debug|Any CPU.ActiveCfg = Debug|Any CPU
		{A9A24E8F-8A16-4316-AF7A-A4157ED495F2}.Debug|Any CPU.Build.0 = Debug|Any CPU
		{A9A24E8F-8A16-4316-AF7A-A4157ED495F2}.Release|Any CPU.ActiveCfg = Release|Any CPU
		{A9A24E8F-8A16-4316-AF7A-A4157ED495F2}.Release|Any CPU.Build.0 = Release|Any CPU
	EndGlobalSection
	GlobalSection(SolutionProperties) = preSolution
		HideSolutionNode = FALSE
	EndGlobalSection
	GlobalSection(ExtensibilityGlobals) = postSolution
		SolutionGuid = {3E1CABE5-FB10-4865-BD68-219149F20126}
	EndGlobalSection
EndGlobal
